{
  "name": "pagina web",
  "lockfileVersion": 3,
  "requires": true,
  "packages": {
    "tailwind": {
      "version": "3.3.2",
      "resolved": "https://registry.npmjs.org/tailwind/-/tailwind-3.3.2.tgz",
      "integrity": "sha512-+l7n9sH8XoVh5mL1uQG8Zt6v0n5j1z",
      "extraneous": true
    }
  }
}
